
Microsoft Visual Studio Solution File, Format Version 12.00
# Visual Studio Version 17
VisualStudioVersion = 17.3.32825.248
MinimumVisualStudioVersion = 10.0.40219.1
Project("{8BC9CEB8-8B4A-11D0-8D11-00A0C91BC942}") = "Asgn 3-2", "Asgn 3-2\Asgn 3-2.vcxproj", "{914F08A3-2D7B-4595-B1C7-5CC7692DE9DC}"
EndProject
Global
	GlobalSection(SolutionConfigurationPlatforms) = preSolution
		Debug|x64 = Debug|x64
		Debug|x86 = Debug|x86
		Release|x64 = Release|x64
		Release|x86 = Release|x86
	EndGlobalSection
	GlobalSection(ProjectConfigurationPlatforms) = postSolution
		{914F08A3-2D7B-4595-B1C7-5CC7692DE9DC}.Debug|x64.ActiveCfg = Debug|x64
		{914F08A3-2D7B-4595-B1C7-5CC7692DE9DC}.Debug|x64.Build.0 = Debug|x64
		{914F08A3-2D7B-4595-B1C7-5CC7692DE9DC}.Debug|x86.ActiveCfg = Debug|Win32
		{914F08A3-2D7B-4595-B1C7-5CC7692DE9DC}.Debug|x86.Build.0 = Debug|Win32
		{914F08A3-2D7B-4595-B1C7-5CC7692DE9DC}.Release|x64.ActiveCfg = Release|x64
		{914F08A3-2D7B-4595-B1C7-5CC7692DE9DC}.Release|x64.Build.0 = Release|x64
		{914F08A3-2D7B-4595-B1C7-5CC7692DE9DC}.Release|x86.ActiveCfg = Release|Win32
		{914F08A3-2D7B-4595-B1C7-5CC7692DE9DC}.Release|x86.Build.0 = Release|Win32
	EndGlobalSection
	GlobalSection(SolutionProperties) = preSolution
		HideSolutionNode = FALSE
	EndGlobalSection
	GlobalSection(ExtensibilityGlobals) = postSolution
		SolutionGuid = {C28D5625-341E-4169-990F-BEDD4CE7813B}
	EndGlobalSection
EndGlobal
