
Microsoft Visual Studio Solution File, Format Version 12.00
# Visual Studio Version 17
VisualStudioVersion = 17.3.32825.248
MinimumVisualStudioVersion = 10.0.40219.1
Project("{8BC9CEB8-8B4A-11D0-8D11-00A0C91BC942}") = "Asgn 3-4", "Asgn 3-4\Asgn 3-4.vcxproj", "{DF4C19A7-7519-466C-9E4A-E9ED60CDDAAD}"
EndProject
Global
	GlobalSection(SolutionConfigurationPlatforms) = preSolution
		Debug|x64 = Debug|x64
		Debug|x86 = Debug|x86
		Release|x64 = Release|x64
		Release|x86 = Release|x86
	EndGlobalSection
	GlobalSection(ProjectConfigurationPlatforms) = postSolution
		{DF4C19A7-7519-466C-9E4A-E9ED60CDDAAD}.Debug|x64.ActiveCfg = Debug|x64
		{DF4C19A7-7519-466C-9E4A-E9ED60CDDAAD}.Debug|x64.Build.0 = Debug|x64
		{DF4C19A7-7519-466C-9E4A-E9ED60CDDAAD}.Debug|x86.ActiveCfg = Debug|Win32
		{DF4C19A7-7519-466C-9E4A-E9ED60CDDAAD}.Debug|x86.Build.0 = Debug|Win32
		{DF4C19A7-7519-466C-9E4A-E9ED60CDDAAD}.Release|x64.ActiveCfg = Release|x64
		{DF4C19A7-7519-466C-9E4A-E9ED60CDDAAD}.Release|x64.Build.0 = Release|x64
		{DF4C19A7-7519-466C-9E4A-E9ED60CDDAAD}.Release|x86.ActiveCfg = Release|Win32
		{DF4C19A7-7519-466C-9E4A-E9ED60CDDAAD}.Release|x86.Build.0 = Release|Win32
	EndGlobalSection
	GlobalSection(SolutionProperties) = preSolution
		HideSolutionNode = FALSE
	EndGlobalSection
	GlobalSection(ExtensibilityGlobals) = postSolution
		SolutionGuid = {79FA88B4-3C6E-4530-BC3B-712314309981}
	EndGlobalSection
EndGlobal
